# This file is automatically @generated by Cargo.
# It is not intended for manual editing.
version = 4

[[package]]
name = "tugtool"
version = "0.1.0"

[[package]]
name = "tugtool-core"
version = "0.1.0"

[[package]]
name = "tugtool-python"
version = "0.1.0"

[[package]]
name = "tugtool-rust"
version = "0.1.0"
